# THIS IS AN AUTOGENERATED FILE. DO NOT EDIT THIS FILE DIRECTLY.
# yarn lockfile v1


"@pokusew/pcsclite@^0.6.0":
  version "0.6.0"
  resolved "https://registry.npmmirror.com/@pokusew/pcsclite/download/@pokusew/pcsclite-0.6.0.tgz#30ae3fbf9d1137f2a1b343c32cd8569be581ba2d"
  integrity sha1-MK4/v50RN/Khs0PDLNhWm+WBui0=
  dependencies:
    bindings "^1.5.0"
    nan "^2.14.0"

bindings@^1.5.0:
  version "1.5.0"
  resolved "https://registry.nlark.com/bindings/download/bindings-1.5.0.tgz#10353c9e945334bc0511a6d90b38fbc7c9c504df"
  integrity sha1-EDU8npRTNLwFEabZCzj7x8nFBN8=
  dependencies:
    file-uri-to-path "1.0.0"

file-uri-to-path@1.0.0:
  version "1.0.0"
  resolved "https://registry.nlark.com/file-uri-to-path/download/file-uri-to-path-1.0.0.tgz#553a7b8446ff6f684359c445f1e37a05dacc33dd"
  integrity sha1-VTp7hEb/b2hDWcRF8eN6BdrMM90=

nan@^2.14.0:
  version "2.15.0"
  resolved "https://registry.nlark.com/nan/download/nan-2.15.0.tgz?cache=0&sync_timestamp=1628093656744&other_urls=https%3A%2F%2Fregistry.nlark.com%2Fnan%2Fdownload%2Fnan-2.15.0.tgz#3f34a473ff18e15c1b5626b62903b5ad6e665fee"
  integrity sha1-PzSkc/8Y4VwbVia2KQO1rW5mX+4=

nfc-pcsc@^0.8.1:
  version "0.8.1"
  resolved "https://registry.npmmirror.com/nfc-pcsc/download/nfc-pcsc-0.8.1.tgz#76882be17842cb832a72b76345e665c8108ff049"
  integrity sha1-dogr4XhCy4MqcrdjReZlyBCP8Ek=
  dependencies:
    "@pokusew/pcsclite" "^0.6.0"
